
Microsoft Visual Studio Solution File, Format Version 12.00
# Visual Studio Version 17
VisualStudioVersion = 17.5.33424.131
MinimumVisualStudioVersion = 10.0.40219.1
Project("{9A19103F-16F7-4668-BE54-9A1E7A4F7556}") = "AnnasPen", "AnnasPen\AnnasPen.csproj", "{B607C4C4-1AC2-4091-B334-99B01BFD0164}"
EndProject
Project("{FAE04EC0-301F-11D3-BF4B-00C04F79EFBC}") = "AnnasUI", "AnnasUI\AnnasUI.csproj", "{7F668098-9CE8-4B89-9E3C-0F8692F92B4C}"
EndProject
Global
	GlobalSection(SolutionConfigurationPlatforms) = preSolution
		Debug|Any CPU = Debug|Any CPU
		Release|Any CPU = Release|Any CPU
	EndGlobalSection
	GlobalSection(ProjectConfigurationPlatforms) = postSolution
		{B607C4C4-1AC2-4091-B334-99B01BFD0164}.Debug|Any CPU.ActiveCfg = Debug|Any CPU
		{B607C4C4-1AC2-4091-B334-99B01BFD0164}.Debug|Any CPU.Build.0 = Debug|Any CPU
		{B607C4C4-1AC2-4091-B334-99B01BFD0164}.Release|Any CPU.ActiveCfg = Release|Any CPU
		{B607C4C4-1AC2-4091-B334-99B01BFD0164}.Release|Any CPU.Build.0 = Release|Any CPU
		{7F668098-9CE8-4B89-9E3C-0F8692F92B4C}.Debug|Any CPU.ActiveCfg = Debug|Any CPU
		{7F668098-9CE8-4B89-9E3C-0F8692F92B4C}.Debug|Any CPU.Build.0 = Debug|Any CPU
		{7F668098-9CE8-4B89-9E3C-0F8692F92B4C}.Release|Any CPU.ActiveCfg = Release|Any CPU
		{7F668098-9CE8-4B89-9E3C-0F8692F92B4C}.Release|Any CPU.Build.0 = Release|Any CPU
	EndGlobalSection
	GlobalSection(SolutionProperties) = preSolution
		HideSolutionNode = FALSE
	EndGlobalSection
	GlobalSection(ExtensibilityGlobals) = postSolution
		SolutionGuid = {35F145F3-FE0E-49C9-BB7C-044920077FBC}
	EndGlobalSection
EndGlobal
